
Microsoft Visual Studio Solution File, Format Version 12.00
# Visual Studio Version 17
VisualStudioVersion = 17.13.35818.85
MinimumVisualStudioVersion = 10.0.40219.1
Project("{FAE04EC0-301F-11D3-BF4B-00C04F79EFBC}") = "Warunkowe_1", "Warunkowe_1\Warunkowe_1.csproj", "{A706E20D-BED0-4894-9D2F-71EDD72E7187}"
EndProject
Project("{FAE04EC0-301F-11D3-BF4B-00C04F79EFBC}") = "Warunkowe_2", "Warunkowe_2\Warunkowe_2.csproj", "{CCD9EE78-DC9E-4593-AFC4-AB4F12A2A33E}"
EndProject
Global
	GlobalSection(SolutionConfigurationPlatforms) = preSolution
		Debug|Any CPU = Debug|Any CPU
		Release|Any CPU = Release|Any CPU
	EndGlobalSection
	GlobalSection(ProjectConfigurationPlatforms) = postSolution
		{A706E20D-BED0-4894-9D2F-71EDD72E7187}.Debug|Any CPU.ActiveCfg = Debug|Any CPU
		{A706E20D-BED0-4894-9D2F-71EDD72E7187}.Debug|Any CPU.Build.0 = Debug|Any CPU
		{A706E20D-BED0-4894-9D2F-71EDD72E7187}.Release|Any CPU.ActiveCfg = Release|Any CPU
		{A706E20D-BED0-4894-9D2F-71EDD72E7187}.Release|Any CPU.Build.0 = Release|Any CPU
		{CCD9EE78-DC9E-4593-AFC4-AB4F12A2A33E}.Debug|Any CPU.ActiveCfg = Debug|Any CPU
		{CCD9EE78-DC9E-4593-AFC4-AB4F12A2A33E}.Debug|Any CPU.Build.0 = Debug|Any CPU
		{CCD9EE78-DC9E-4593-AFC4-AB4F12A2A33E}.Release|Any CPU.ActiveCfg = Release|Any CPU
		{CCD9EE78-DC9E-4593-AFC4-AB4F12A2A33E}.Release|Any CPU.Build.0 = Release|Any CPU
	EndGlobalSection
	GlobalSection(SolutionProperties) = preSolution
		HideSolutionNode = FALSE
	EndGlobalSection
	GlobalSection(ExtensibilityGlobals) = postSolution
		SolutionGuid = {E9F2D447-737A-41C1-BCDB-6C060C8CC8A7}
	EndGlobalSection
EndGlobal
